Microsoft Visual Studio Solution File, Format Version 12.00
# Visual Studio Version 17
VisualStudioVersion = 17.5.2.0
MinimumVisualStudioVersion = 10.0.40219.1
Project("{FAE04EC0-301F-11D3-BF4B-00C04F79EFBC}") = "NpmDockerSync", "NpmDockerSync.csproj", "{94BA9321-CD13-0491-4A5F-47CBDAD71068}"
EndProject
Global
	GlobalSection(SolutionConfigurationPlatforms) = preSolution
		Debug|Any CPU = Debug|Any CPU
		Release|Any CPU = Release|Any CPU
	EndGlobalSection
	GlobalSection(ProjectConfigurationPlatforms) = postSolution
		{94BA9321-CD13-0491-4A5F-47CBDAD71068}.Debug|Any CPU.ActiveCfg = Debug|Any CPU
		{94BA9321-CD13-0491-4A5F-47CBDAD71068}.Debug|Any CPU.Build.0 = Debug|Any CPU
		{94BA9321-CD13-0491-4A5F-47CBDAD71068}.Release|Any CPU.ActiveCfg = Release|Any CPU
		{94BA9321-CD13-0491-4A5F-47CBDAD71068}.Release|Any CPU.Build.0 = Release|Any CPU
	EndGlobalSection
	GlobalSection(SolutionProperties) = preSolution
		HideSolutionNode = FALSE
	EndGlobalSection
	GlobalSection(ExtensibilityGlobals) = postSolution
		SolutionGuid = {B1C7A2AF-4C5F-458A-9B5A-6A9CB708A13D}
	EndGlobalSection
EndGlobal
